
Microsoft Visual Studio Solution File, Format Version 12.00
# Visual Studio 15
VisualStudioVersion = 15.0.27004.2005
MinimumVisualStudioVersion = 10.0.40219.1
Project("{2150E333-8FDC-42A3-9474-1A3956D46DE8}") = "src", "src", "{452A54EE-A8E2-4717-BCCC-255164708999}"
EndProject
Project("{FAE04EC0-301F-11D3-BF4B-00C04F79EFBC}") = "Prtg.RabbitMq.Sensor", "src\Prtg.RabbitMq.Sensor\Prtg.RabbitMq.Sensor.csproj", "{F3DE8E29-BD31-4F92-BF73-977E4DBD0D24}"
EndProject
Global
	GlobalSection(SolutionConfigurationPlatforms) = preSolution
		Debug|Any CPU = Debug|Any CPU
		Release|Any CPU = Release|Any CPU
	EndGlobalSection
	GlobalSection(ProjectConfigurationPlatforms) = postSolution
		{F3DE8E29-BD31-4F92-BF73-977E4DBD0D24}.Debug|Any CPU.ActiveCfg = Debug|Any CPU
		{F3DE8E29-BD31-4F92-BF73-977E4DBD0D24}.Debug|Any CPU.Build.0 = Debug|Any CPU
		{F3DE8E29-BD31-4F92-BF73-977E4DBD0D24}.Release|Any CPU.ActiveCfg = Release|Any CPU
		{F3DE8E29-BD31-4F92-BF73-977E4DBD0D24}.Release|Any CPU.Build.0 = Release|Any CPU
	EndGlobalSection
	GlobalSection(SolutionProperties) = preSolution
		HideSolutionNode = FALSE
	EndGlobalSection
	GlobalSection(NestedProjects) = preSolution
		{F3DE8E29-BD31-4F92-BF73-977E4DBD0D24} = {452A54EE-A8E2-4717-BCCC-255164708999}
	EndGlobalSection
	GlobalSection(ExtensibilityGlobals) = postSolution
		SolutionGuid = {B0EF243A-B69A-4270-B70C-3BDFE3D004D6}
	EndGlobalSection
EndGlobal
